# Generated by tools/import (map stage) from the SRD 5.1 datasets pinned in tools/import/sources.lock.yaml.
# Mechanics come from tools/import/overlay/<entity-id>.yaml; edit those, then re-run `node tools/import/src/map.ts`.
id: srd51.spell-list.warlock
name:
  en: Warlock spells
source: srd51
spells:
  - srd51.spell.astral-projection
  - srd51.spell.banishment
  - srd51.spell.blight
  - srd51.spell.charm-person
  - srd51.spell.chill-touch
  - srd51.spell.circle-of-death
  - srd51.spell.comprehend-languages
  - srd51.spell.conjure-fey
  - srd51.spell.contact-other-plane
  - srd51.spell.counterspell
  - srd51.spell.create-undead
  - srd51.spell.darkness
  - srd51.spell.demiplane
  - srd51.spell.dimension-door
  - srd51.spell.dispel-magic
  - srd51.spell.dominate-monster
  - srd51.spell.dream
  - srd51.spell.eldritch-blast
  - srd51.spell.enthrall
  - srd51.spell.etherealness
  - srd51.spell.expeditious-retreat
  - srd51.spell.eyebite
  - srd51.spell.fear
  - srd51.spell.feeblemind
  - srd51.spell.finger-of-death
  - srd51.spell.flesh-to-stone
  - srd51.spell.fly
  - srd51.spell.forcecage
  - srd51.spell.foresight
  - srd51.spell.gaseous-form
  - srd51.spell.glibness
  - srd51.spell.hallucinatory-terrain
  - srd51.spell.hellish-rebuke
  - srd51.spell.hold-monster
  - srd51.spell.hold-person
  - srd51.spell.hypnotic-pattern
  - srd51.spell.illusory-script
  - srd51.spell.imprisonment
  - srd51.spell.invisibility
  - srd51.spell.mage-hand
  - srd51.spell.magic-circle
  - srd51.spell.major-image
  - srd51.spell.mass-suggestion
  - srd51.spell.minor-illusion
  - srd51.spell.mirror-image
  - srd51.spell.misty-step
  - srd51.spell.plane-shift
  - srd51.spell.poison-spray
  - srd51.spell.power-word-kill
  - srd51.spell.power-word-stun
  - srd51.spell.prestidigitation
  - srd51.spell.protection-from-evil-and-good
  - srd51.spell.ray-of-enfeeblement
  - srd51.spell.remove-curse
  - srd51.spell.scrying
  - srd51.spell.shatter
  - srd51.spell.spider-climb
  - srd51.spell.suggestion
  - srd51.spell.tongues
  - srd51.spell.true-polymorph
  - srd51.spell.true-seeing
  - srd51.spell.true-strike
  - srd51.spell.unseen-servant
  - srd51.spell.vampiric-touch
