# Generated by tools/import (map stage) from the SRD 5.1 datasets pinned in tools/import/sources.lock.yaml.
# Mechanics come from tools/import/overlay/<entity-id>.yaml; edit those, then re-run `node tools/import/src/map.ts`.
id: srd51-creatures.creature.grimlock
name:
  en: Grimlock
source: srd51
size: medium
creatureType: humanoid
subtypes:
  - grimlock
alignment:
  en: neutral evil
armorClass:
  - value: 11
hitPoints:
  average: 11
  dice: 2d8+2
speed:
  walk: 30
abilities:
  str: 16
  dex: 12
  con: 12
  int: 9
  wis: 8
  cha: 6
skills:
  athletics: 5
  perception: 3
  stealth: 3
conditionImmunities:
  - srd51.condition.blinded
senses:
  blindsight: 30
  blindBeyond: true
  passivePerception: 13
languages:
  en: Undercommon
challenge: 0.25
xp: 50
proficiencyBonus: 2
traits:
  - name:
      en: Blind Senses
    text:
      en: The grimlock can't use its blindsight while deafened and unable to smell.
  - name:
      en: Keen Hearing and Smell
    text:
      en: The grimlock has advantage on Wisdom (Perception) checks that rely on hearing or smell.
  - name:
      en: Stone Camouflage
    text:
      en: The grimlock has advantage on Dexterity (Stealth) checks made to hide in rocky terrain.
actions:
  - name:
      en: Spiked Bone Club
    text:
      en: "Melee Weapon Attack: +5 to hit, reach 5 ft., one target. Hit: 5 (1d4 + 3) bludgeoning damage plus 2 (1d4) piercing damage."
    attack:
      kind: melee
      source: weapon
      bonus: 5
      reach: 5
    damage:
      - dice: 1d4+3
        damageType: bludgeoning
      - dice: 1d4
        damageType: piercing
